
Microsoft Visual Studio Solution File, Format Version 12.00
# Visual Studio Version 16
VisualStudioVersion = 16.0.32802.440
MinimumVisualStudioVersion = 10.0.40219.1
Project("{FAE04EC0-301F-11D3-BF4B-00C04F79EFBC}") = "Inventory Management System", "Inventory Management System\Inventory Management System.csproj", "{AA118BAD-C226-4129-BB2D-F5A0E426BD71}"
EndProject
Global
	GlobalSection(SolutionConfigurationPlatforms) = preSolution
		Debug|Any CPU = Debug|Any CPU
		Release|Any CPU = Release|Any CPU
	EndGlobalSection
	GlobalSection(ProjectConfigurationPlatforms) = postSolution
		{AA118BAD-C226-4129-BB2D-F5A0E426BD71}.Debug|Any CPU.ActiveCfg = Debug|Any CPU
		{AA118BAD-C226-4129-BB2D-F5A0E426BD71}.Debug|Any CPU.Build.0 = Debug|Any CPU
		{AA118BAD-C226-4129-BB2D-F5A0E426BD71}.Release|Any CPU.ActiveCfg = Release|Any CPU
		{AA118BAD-C226-4129-BB2D-F5A0E426BD71}.Release|Any CPU.Build.0 = Release|Any CPU
	EndGlobalSection
	GlobalSection(SolutionProperties) = preSolution
		HideSolutionNode = FALSE
	EndGlobalSection
	GlobalSection(ExtensibilityGlobals) = postSolution
		SolutionGuid = {11E81F92-BB21-408D-AB65-B218C326C92E}
	EndGlobalSection
EndGlobal
